{
  "name": "vue-tetris",
  "version": "1.1.1",
  "lockfileVersion": 1,
  "requires": true,
  "dependencies": {
    "acorn-walk": {
      "version": "6.2.0",
      "resolved": "https://registry.npmjs.org/acorn-walk/-/acorn-walk-6.2.0.tgz",
      "integrity": "sha512-7evsyfH1cLOCdAzZAd43Cic04yKydNx0cF+7tiA19p1XnLLPU4dpCQOqpjqwokFe//vS0QqfqqjCS2JkiIs0cA==",
      "dev": true
    },
    "array-flatten": {
      "version": "1.1.1",
      "resolved": "http://registry.npm.taobao.org/array-flatten/download/array-flatten-1.1.1.tgz",
      "integrity": "sha1-ml9pkFGx5wczKPKgCJaLZOopVdI=",
      "dev": true
    },
    "async-limiter": {
      "version": "1.0.1",
      "resolved": "https://registry.npmjs.org/async-limiter/-/async-limiter-1.0.1.tgz",
      "integrity": "sha512-csOlWGAcRFJaI6m+F2WKdnMKr4HhdhFVBk0H/QbJFMCr+uO2kwohwXQPxw/9OCxp05r5ghVBFSyioixx3gfkNQ==",
      "dev": true
    },
    "autoprefixer": {
      "version": "6.7.7",
      "resolved": "http://registry.npm.taobao.org/autoprefixer/download/autoprefixer-6.7.7.tgz",
      "integrity": "sha1-Hb0cg1ZY41zj+ZhAmdsAWFx4IBQ=",
      "dev": true
    },
    "babel-core": {
      "version": "6.24.1",
      "resolved": "http://registry.npm.taobao.org/babel-core/download/babel-core-6.24.1.tgz",
      "integrity": "sha1-jEKFZNzh4fQfszfsNPTDsCK1rYM=",
      "dev": true
    },
    "babel-helper-vue-jsx-merge-props": {
      "version": "2.0.2",
      "resolved": "http://registry.npm.taobao.org/babel-helper-vue-jsx-merge-props/download/babel-helper-vue-jsx-merge-props-2.0.2.tgz",
      "integrity": "sha1-rOscNzWIJ54nVeoc/TXCI5T9M/g=",
      "dev": true
    },
    "babel-loader": {
      "version": "6.4.1",
      "resolved": "http://registry.npm.taobao.org/babel-loader/download/babel-loader-6.4.1.tgz",
      "integrity": "sha1-CzQRLVsHSKjc2/Uaz2+b1C1QuMo=",
      "dev": true
    },
    "babel-plugin-syntax-jsx": {
      "version": "6.18.0",
      "resolved": "http://registry.npm.taobao.org/babel-plugin-syntax-jsx/download/babel-plugin-syntax-jsx-6.18.0.tgz",
      "integrity": "sha1-CvMqmm4Tyno/1QaeYtew9Y0NiUY=",
      "dev": true
    },
    "babel-plugin-transform-runtime": {
      "version": "6.23.0",
      "resolved": "http://registry.npm.taobao.org/babel-plugin-transform-runtime/download/babel-plugin-transform-runtime-6.23.0.tgz",
      "integrity": "sha1-iEkNRGUC6puOfvsP4J7E2ZR5se4=",
      "dev": true
    },
    "babel-plugin-transform-vue-jsx": {
      "version": "3.4.3",
      "resolved": "http://registry.npm.taobao.org/babel-plugin-transform-vue-jsx/download/babel-plugin-transform-vue-jsx-3.4.3.tgz",
      "integrity": "sha1-3lfY3X1hkzPJgYZ3KPPm/faJgv8=",
      "dev": true
    },
    "babel-preset-env": {
      "version": "1.5.1",
      "resolved": "http://registry.npm.taobao.org/babel-preset-env/download/babel-preset-env-1.5.1.tgz",
      "integrity": "sha1-0uymrxee3yfNwwWoSCD2AbRW3Qs=",
      "dev": true,
      "dependencies": {
        "browserslist": {
          "version": "2.1.4",
          "resolved": "http://registry.npm.taobao.org/browserslist/download/browserslist-2.1.4.tgz",
          "integrity": "sha1-zFJq9KExK30uBWU+VtDIq3DA4FM="
        }
      }
    },
    "babel-preset-es2015": {
      "version": "6.24.1",
      "resolved": "http://registry.npm.taobao.org/babel-preset-es2015/download/babel-preset-es2015-6.24.1.tgz",
      "integrity": "sha1-1EBQ1rwsn+6nAqrzjXJ6AhBTiTk=",
      "dev": true
    },
    "babel-preset-stage-2": {
      "version": "6.24.1",
      "resolved": "http://registry.npm.taobao.org/babel-preset-stage-2/download/babel-preset-stage-2-6.24.1.tgz",
      "integrity": "sha1-2eKWD7PXEYfw5k7sYrwHdnIZvcE=",
      "dev": true
    },
    "babel-register": {
      "version": "6.24.1",
      "resolved": "http://registry.npm.taobao.org/babel-register/download/babel-register-6.24.1.tgz",
      "integrity": "sha1-fhDhOi9xBlvfrVoXh7pFvKbe118=",
      "dev": true
    },
    "bfj": {
      "version": "6.1.2",
      "resolved": "https://registry.npmjs.org/bfj/-/bfj-6.1.2.tgz",
      "integrity": "sha512-BmBJa4Lip6BPRINSZ0BPEIfB1wUY/9rwbwvIHQA1KjX9om29B6id0wnWXq7m3bn5JrUVjeOTnVuhPT1FiHwPGw==",
      "dev": true,
      "requires": {
        "bluebird": "^3.5.5",
        "check-types": "^8.0.3",
        "hoopy": "^0.1.4",
        "tryer": "^1.0.1"
      },
      "dependencies": {
        "bluebird": {
          "version": "3.7.2",
          "resolved": "https://registry.npmjs.org/bluebird/-/bluebird-3.7.2.tgz",
          "integrity": "sha512-XpNj6GDQzdfW+r2Wnn7xiSAd7TM3jzkxGXBGTtWKuSXv1xUV+azxAm8jdWZN06QTQk+2N2XB9jRDkvbmQmcRtg==",
          "dev": true
        }
      }
    },
    "body-parser": {
      "version": "1.19.0",
      "resolved": "https://registry.npmjs.org/body-parser/-/body-parser-1.19.0.tgz",
      "integrity": "sha512-dhEPs72UPbDnAQJ9ZKMNTP6ptJaionhP5cBb541nXPlW60Jepo9RV/a4fX4XWW9CuFNK22krhrj1+rgzifNCsw==",
      "dev": true,
      "requires": {
        "bytes": "3.1.0",
        "content-type": "~1.0.4",
        "debug": "2.6.9",
        "depd": "~1.1.2",
        "http-errors": "1.7.2",
        "iconv-lite": "0.4.24",
        "on-finished": "~2.3.0",
        "qs": "6.7.0",
        "raw-body": "2.4.0",
        "type-is": "~1.6.17"
      },
      "dependencies": {
        "content-type": {
          "version": "1.0.4",
          "resolved": "https://registry.npmjs.org/content-type/-/content-type-1.0.4.tgz",
          "integrity": "sha512-hIP3EEPs8tB9AT1L+NUqtwOAps4mk2Zob89MWXMHjHWg9milF/j4osnnQLXBCBFBk/tvIG/tUc9mOUJiPBhPXA==",
          "dev": true
        },
        "debug": {
          "version": "2.6.9",
          "resolved": "https://registry.npmjs.org/debug/-/debug-2.6.9.tgz",
          "integrity": "sha512-bC7ElrdJaJnPbAP+1EotYvqZsb3ecl5wi6Bfi6BJTUcNowp6cvspg0jXznRTKDjm/E7AdgFBVeAPVMNcKGsHMA==",
          "dev": true,
          "requires": {
            "ms": "2.0.0"
          }
        },
        "depd": {
          "version": "1.1.2",
          "resolved": "https://registry.npmjs.org/depd/-/depd-1.1.2.tgz",
          "integrity": "sha1-m81S4UwJd2PnSbJ0xDRu0uVgtak=",
          "dev": true
        },
        "http-errors": {
          "version": "1.7.2",
          "resolved": "https://registry.npmjs.org/http-errors/-/http-errors-1.7.2.tgz",
          "integrity": "sha512-uUQBt3H/cSIVfch6i1EuPNy/YsRSOUBXTVfZ+yR7Zjez3qjBz6i9+i4zjNaoqcoFVI4lQJ5plg63TvGfRSDCRg==",
          "dev": true,
          "requires": {
            "depd": "~1.1.2",
            "inherits": "2.0.3",
            "setprototypeof": "1.1.1",
            "statuses": ">= 1.5.0 < 2",
            "toidentifier": "1.0.0"
          }
        },
        "mime-db": {
          "version": "1.42.0",
          "resolved": "https://registry.npmjs.org/mime-db/-/mime-db-1.42.0.tgz",
          "integrity": "sha512-UbfJCR4UAVRNgMpfImz05smAXK7+c+ZntjaA26ANtkXLlOe947Aag5zdIcKQULAiF9Cq4WxBi9jUs5zkA84bYQ==",
          "dev": true
        },
        "mime-types": {
          "version": "2.1.25",
          "resolved": "https://registry.npmjs.org/mime-types/-/mime-types-2.1.25.tgz",
          "integrity": "sha512-5KhStqB5xpTAeGqKBAMgwaYMnQik7teQN4IAzC7npDv6kzeU6prfkR67bc87J1kWMPGkoaZSq1npmexMgkmEVg==",
          "dev": true,
          "requires": {
            "mime-db": "1.42.0"
          }
        },
        "qs": {
          "version": "6.7.0",
          "resolved": "https://registry.npmjs.org/qs/-/qs-6.7.0.tgz",
          "integrity": "sha512-VCdBRNFTX1fyE7Nb6FYoURo/SPe62QCaAyzJvUjwRaIsc+NePBEniHlvxFmmX56+HZphIGtV0XeCirBtpDrTyQ==",
          "dev": true
        },
        "setprototypeof": {
          "version": "1.1.1",
          "resolved": "https://registry.npmjs.org/setprototypeof/-/setprototypeof-1.1.1.tgz",
          "integrity": "sha512-JvdAWfbXeIGaZ9cILp38HntZSFSo3mWg6xGcJJsd+d4aRMOqauag1C63dJfDw7OaMYwEbHMOxEZ1lqVRYP2OAw==",
          "dev": true
        },
        "statuses": {
          "version": "1.5.0",
          "resolved": "https://registry.npmjs.org/statuses/-/statuses-1.5.0.tgz",
          "integrity": "sha1-Fhx9rBd2Wf2YEfQ3cfqZOBR4Yow=",
          "dev": true
        },
        "type-is": {
          "version": "1.6.18",
          "resolved": "https://registry.npmjs.org/type-is/-/type-is-1.6.18.tgz",
          "integrity": "sha512-TkRKr9sUTxEH8MdfuCSP7VizJyzRNMjj2J2do2Jr3Kym598JVdEksuzPQCnlFPW4ky9Q+iA+ma9BGm06XQBy8g==",
          "dev": true,
          "requires": {
            "media-typer": "0.3.0",
            "mime-types": "~2.1.24"
          }
        }
      }
    },
    "bytes": {
      "version": "3.1.0",
      "resolved": "https://registry.npmjs.org/bytes/-/bytes-3.1.0.tgz",
      "integrity": "sha512-zauLjrfCG+xvoyaqLoV8bLVXXNGC4JqlxFCutSDWA6fJrTo2ZuvLYTqZ7aHBLZSMOopbzwv8f+wZcVzfVTI2Dg==",
      "dev": true
    },
    "chalk": {
      "version": "1.1.3",
      "resolved": "http://registry.npm.taobao.org/chalk/download/chalk-1.1.3.tgz",
      "integrity": "sha1-qBFcVeSnAv5NFQq9OHKCKn4J/Jg=",
      "dev": true,
      "dependencies": {
        "supports-color": {
          "version": "2.0.0",
          "resolved": "http://registry.npm.taobao.org/supports-color/download/supports-color-2.0.0.tgz",
          "integrity": "sha1-U10EXOa2Nj+kARcIRimZXp3zJMc="
        }
      }
    },
    "check-types": {
      "version": "8.0.3",
      "resolved": "https://registry.npmjs.org/check-types/-/check-types-8.0.3.tgz",
      "integrity": "sha512-YpeKZngUmG65rLudJ4taU7VLkOCTMhNl/u4ctNC56LQS/zJTyNH0Lrtwm1tfTsbLlwvlfsA2d1c8vCf/Kh2KwQ==",
      "dev": true
    },
    "color-convert": {
      "version": "1.9.0",
      "resolved": "http://registry.npm.taobao.org/color-convert/download/color-convert-1.9.0.tgz",
      "integrity": "sha1-Gsz5fdc5uYO/mU1W/sj5WFNkG3o=",
      "dev": true
    },
    "connect-history-api-fallback": {
      "version": "1.3.0",
      "resolved": "http://registry.npm.taobao.org/connect-history-api-fallback/download/connect-history-api-fallback-1.3.0.tgz",
      "integrity": "sha1-5R0X+PDvDbkKZP20feMFFVbp8Wk=",
      "dev": true
    },
    "cookie-signature": {
      "version": "1.0.6",
      "resolved": "http://registry.npm.taobao.org/cookie-signature/download/cookie-signature-1.0.6.tgz",
      "integrity": "sha1-4wOogrNCzD7oylE6eZmXNNqzriw=",
      "dev": true
    },
    "copy-webpack-plugin": {
      "version": "4.0.1",
      "resolved": "http://registry.npm.taobao.org/copy-webpack-plugin/download/copy-webpack-plugin-4.0.1.tgz",
      "integrity": "sha1-lyjjg7lDFgUNDHRjlY8rhcCqggA=",
      "dev": true
    },
    "css-loader": {
      "version": "0.28.4",
      "resolved": "http://registry.npm.taobao.org/css-loader/download/css-loader-0.28.4.tgz",
      "integrity": "sha1-bPNXkZLONV6LONX0Ldeh8uyJjQ8=",
      "dev": true,
      "dependencies": {
        "loader-utils": {
          "version": "1.1.0",
          "resolved": "http://registry.npm.taobao.org/loader-utils/download/loader-utils-1.1.0.tgz",
          "integrity": "sha1-yYrvSIvM7aL/teLeZG1qdUQp9c0="
        }
      }
    },
    "destroy": {
      "version": "1.0.4",
      "resolved": "http://registry.npm.taobao.org/destroy/download/destroy-1.0.4.tgz",
      "integrity": "sha1-l4hXRCxEdJ5CBmE+N5RiBYJqvYA=",
      "dev": true
    },
    "duplexer": {
      "version": "0.1.1",
      "resolved": "http://registry.npm.taobao.org/duplexer/download/duplexer-0.1.1.tgz",
      "integrity": "sha1-rOb/gIwc5mtX0ev5eXessCM0z8E=",
      "dev": true
    },
    "escape-html": {
      "version": "1.0.3",
      "resolved": "http://registry.npm.taobao.org/escape-html/download/escape-html-1.0.3.tgz",
      "integrity": "sha1-Aljq5NPQwJdN4cFpGI7wBR0dGYg=",
      "dev": true
    },
    "escape-string-regexp": {
      "version": "1.0.5",
      "resolved": "http://registry.npm.taobao.org/escape-string-regexp/download/escape-string-regexp-1.0.5.tgz",
      "integrity": "sha1-G2HAViGQqN/2rjuyzwIAyhMLhtQ=",
      "dev": true
    },
    "eventsource-polyfill": {
      "version": "0.9.6",
      "resolved": "http://registry.npm.taobao.org/eventsource-polyfill/download/eventsource-polyfill-0.9.6.tgz",
      "integrity": "sha1-EODRh/ERsWfyj9q5GIQ859gY8Tw=",
      "dev": true
    },
    "express": {
      "version": "4.15.3",
      "resolved": "http://registry.npm.taobao.org/express/download/express-4.15.3.tgz",
      "integrity": "sha1-urZdDwOqgMNYQIly/HAPkWlEtmI=",
      "dev": true,
      "dependencies": {
        "debug": {
          "version": "2.6.7",
          "resolved": "http://registry.npm.taobao.org/debug/download/debug-2.6.7.tgz",
          "integrity": "sha1-krrR9tBbu2u6Isyoi80OyJTChh4="
        }
      }
    },
    "extract-text-webpack-plugin": {
      "version": "2.1.0",
      "resolved": "http://registry.npm.taobao.org/extract-text-webpack-plugin/download/extract-text-webpack-plugin-2.1.0.tgz",
      "integrity": "sha1-aTFbiF+Hbb+W04Gfap8cynrr8Vk=",
      "dev": true,
      "dependencies": {
        "loader-utils": {
          "version": "1.1.0",
          "resolved": "http://registry.npm.taobao.org/loader-utils/download/loader-utils-1.1.0.tgz",
          "integrity": "sha1-yYrvSIvM7aL/teLeZG1qdUQp9c0="
        }
      }
    },
    "file-loader": {
      "version": "0.11.2",
      "resolved": "http://registry.npm.taobao.org/file-loader/download/file-loader-0.11.2.tgz",
      "integrity": "sha1-T/HfKK84cZpgmAk7iMgscdF5SjQ=",
      "dev": true,
      "dependencies": {
        "loader-utils": {
          "version": "1.1.0",
          "resolved": "http://registry.npm.taobao.org/loader-utils/download/loader-utils-1.1.0.tgz",
          "integrity": "sha1-yYrvSIvM7aL/teLeZG1qdUQp9c0="
        }
      }
    },
    "friendly-errors-webpack-plugin": {
      "version": "1.6.1",
      "resolved": "http://registry.npm.taobao.org/friendly-errors-webpack-plugin/download/friendly-errors-webpack-plugin-1.6.1.tgz",
      "integrity": "sha1-4yeBxHIvVGoGqbXXp8+ihSA3XXA=",
      "dev": true
    },
    "hoopy": {
      "version": "0.1.4",
      "resolved": "https://registry.npmjs.org/hoopy/-/hoopy-0.1.4.tgz",
      "integrity": "sha512-HRcs+2mr52W0K+x8RzcLzuPPmVIKMSv97RGHy0Ea9y/mpcaK+xTrjICA04KAHi4GRzxliNqNJEFYWHghy3rSfQ==",
      "dev": true
    },
    "html-webpack-plugin": {
      "version": "2.28.0",
      "resolved": "http://registry.npm.taobao.org/html-webpack-plugin/download/html-webpack-plugin-2.28.0.tgz",
      "integrity": "sha1-LnhjtX5f1I/iYzA+L/yTTDBk0Ak=",
      "dev": true,
      "dependencies": {
        "bluebird": {
          "version": "3.5.0",
          "resolved": "http://registry.npm.taobao.org/bluebird/download/bluebird-3.5.0.tgz",
          "integrity": "sha1-eRQg1/VR7qKJdFOop3ZT+WYG1nw="
        }
      }
    },
    "http-proxy-middleware": {
      "version": "0.17.4",
      "resolved": "http://registry.npm.taobao.org/http-proxy-middleware/download/http-proxy-middleware-0.17.4.tgz",
      "integrity": "sha1-ZC6ISIUdZvCdTxJJEoRtuutBuDM=",
      "dev": true
    },
    "iconv-lite": {
      "version": "0.4.24",
      "resolved": "https://registry.npmjs.org/iconv-lite/-/iconv-lite-0.4.24.tgz",
      "integrity": "sha512-v3MXnZAcvnywkTUEZomIActle7RXXeedOR31wwl7VlyoXO4Qi9arvSenNQWne1TcRwhCL1HwLI21bEqdpj8/rA==",
      "dev": true,
      "requires": {
        "safer-buffer": ">= 2.1.2 < 3"
      }
    },
    "inherits": {
      "version": "2.0.3",
      "resolved": "http://registry.npm.taobao.org/inherits/download/inherits-2.0.3.tgz",
      "integrity": "sha1-Yzwsg+PaQqUC9SRmAiSA9CCCYd4=",
      "dev": true
    },
    "less": {
      "version": "2.7.2",
      "resolved": "http://registry.npm.taobao.org/less/download/less-2.7.2.tgz",
      "integrity": "sha1-No1sxz4fsDmBGDKAkYdDxdz5s98=",
      "dev": true
    },
    "less-loader": {
      "version": "4.0.4",
      "resolved": "http://registry.npm.taobao.org/less-loader/download/less-loader-4.0.4.tgz",
      "integrity": "sha1-tKjEOEPmXGfS6i6xRltcQjPVAGo=",
      "dev": true,
      "dependencies": {
        "clone": {
          "version": "2.1.1",
          "resolved": "http://registry.npm.taobao.org/clone/download/clone-2.1.1.tgz",
          "integrity": "sha1-0hfR6WERjjrJpLi7oyhVU79kfNs="
        },
        "loader-utils": {
          "version": "1.1.0",
          "resolved": "http://registry.npm.taobao.org/loader-utils/download/loader-utils-1.1.0.tgz",
          "integrity": "sha1-yYrvSIvM7aL/teLeZG1qdUQp9c0="
        }
      }
    },
    "media-typer": {
      "version": "0.3.0",
      "resolved": "http://registry.npm.taobao.org/media-typer/download/media-typer-0.3.0.tgz",
      "integrity": "sha1-hxDXrwqmJvj/+hzgAWhUUmMlV0g=",
      "dev": true
    },
    "merge-descriptors": {
      "version": "1.0.1",
      "resolved": "http://registry.npm.taobao.org/merge-descriptors/download/merge-descriptors-1.0.1.tgz",
      "integrity": "sha1-sAqqVW3YtEVoFQ7J0blT8/kMu2E=",
      "dev": true
    },
    "methods": {
      "version": "1.1.2",
      "resolved": "http://registry.npm.taobao.org/methods/download/methods-1.1.2.tgz",
      "integrity": "sha1-VSmk1nZUE07cxSZmVoNbD4Ua/O4=",
      "dev": true
    },
    "mkdirp": {
      "version": "0.5.1",
      "resolved": "http://registry.npm.taobao.org/mkdirp/download/mkdirp-0.5.1.tgz",
      "integrity": "sha1-MAV0OOrGz3+MR2fzhkjWaX11yQM=",
      "dev": true
    },
    "ms": {
      "version": "2.0.0",
      "resolved": "http://registry.npm.taobao.org/ms/download/ms-2.0.0.tgz",
      "integrity": "sha1-VgiurfwAvmwpAd9fmGF4jeDVl8g=",
      "dev": true
    },
    "on-finished": {
      "version": "2.3.0",
      "resolved": "http://registry.npm.taobao.org/on-finished/download/on-finished-2.3.0.tgz",
      "integrity": "sha1-IPEzZIGwg811M3mSoWlxqi2QaUc=",
      "dev": true
    },
    "opn": {
      "version": "4.0.2",
      "resolved": "http://registry.npm.taobao.org/opn/download/opn-4.0.2.tgz",
      "integrity": "sha1-erwi5kTf9jsKltWrfyeQwPAavJU=",
      "dev": true
    },
    "optimize-css-assets-webpack-plugin": {
      "version": "1.3.2",
      "resolved": "http://registry.npm.taobao.org/optimize-css-assets-webpack-plugin/download/optimize-css-assets-webpack-plugin-1.3.2.tgz",
      "integrity": "sha1-6ydFbiHu+9gIDzHoNoxZaE5YWiw=",
      "dev": true
    },
    "ora": {
      "version": "1.2.0",
      "resolved": "http://registry.npm.taobao.org/ora/download/ora-1.2.0.tgz",
      "integrity": "sha1-Mvsxg1AO/oP16okQF4Xw7mBg/sk=",
      "dev": true
    },
    "path-to-regexp": {
      "version": "0.1.7",
      "resolved": "http://registry.npm.taobao.org/path-to-regexp/download/path-to-regexp-0.1.7.tgz",
      "integrity": "sha1-32BBeABfUi8V60SQ5yR6G/qmf4w=",
      "dev": true
    },
    "raw-body": {
      "version": "2.4.0",
      "resolved": "https://registry.npmjs.org/raw-body/-/raw-body-2.4.0.tgz",
      "integrity": "sha512-4Oz8DUIwdvoa5qMJelxipzi/iJIi40O5cGV1wNYp5hvZP8ZN0T+jiNkL0QepXs+EsQ9XJ8ipEDoiH70ySUJP3Q==",
      "dev": true,
      "requires": {
        "bytes": "3.1.0",
        "http-errors": "1.7.2",
        "iconv-lite": "0.4.24",
        "unpipe": "1.0.0"
      },
      "dependencies": {
        "depd": {
          "version": "1.1.2",
          "resolved": "https://registry.npmjs.org/depd/-/depd-1.1.2.tgz",
          "integrity": "sha1-m81S4UwJd2PnSbJ0xDRu0uVgtak=",
          "dev": true
        },
        "http-errors": {
          "version": "1.7.2",
          "resolved": "https://registry.npmjs.org/http-errors/-/http-errors-1.7.2.tgz",
          "integrity": "sha512-uUQBt3H/cSIVfch6i1EuPNy/YsRSOUBXTVfZ+yR7Zjez3qjBz6i9+i4zjNaoqcoFVI4lQJ5plg63TvGfRSDCRg==",
          "dev": true,
          "requires": {
            "depd": "~1.1.2",
            "inherits": "2.0.3",
            "setprototypeof": "1.1.1",
            "statuses": ">= 1.5.0 < 2",
            "toidentifier": "1.0.0"
          }
        },
        "setprototypeof": {
          "version": "1.1.1",
          "resolved": "https://registry.npmjs.org/setprototypeof/-/setprototypeof-1.1.1.tgz",
          "integrity": "sha512-JvdAWfbXeIGaZ9cILp38HntZSFSo3mWg6xGcJJsd+d4aRMOqauag1C63dJfDw7OaMYwEbHMOxEZ1lqVRYP2OAw==",
          "dev": true
        },
        "statuses": {
          "version": "1.5.0",
          "resolved": "https://registry.npmjs.org/statuses/-/statuses-1.5.0.tgz",
          "integrity": "sha1-Fhx9rBd2Wf2YEfQ3cfqZOBR4Yow=",
          "dev": true
        }
      }
    },
    "rimraf": {
      "version": "2.6.1",
      "resolved": "http://registry.npm.taobao.org/rimraf/download/rimraf-2.6.1.tgz",
      "integrity": "sha1-wjOOxkPfeht/5cVPqG9XQopV8z0=",
      "dev": true,
      "dependencies": {
        "glob": {
          "version": "7.1.2",
          "resolved": "http://registry.npm.taobao.org/glob/download/glob-7.1.2.tgz",
          "integrity": "sha1-wZyd+aAocC1nhhI4SmVSQExjbRU="
        }
      }
    },
    "safer-buffer": {
      "version": "2.1.2",
      "resolved": "https://registry.npmjs.org/safer-buffer/-/safer-buffer-2.1.2.tgz",
      "integrity": "sha512-YZo3K82SD7Riyi0E1EQPojLz7kpepnSQI9IyPbHHg1XXXevb5dJI7tpyN2ADxGcQbHG7vcyRHk0cbwqcQriUtg==",
      "dev": true
    },
    "semver": {
      "version": "5.3.0",
      "resolved": "http://registry.npm.taobao.org/semver/download/semver-5.3.0.tgz",
      "integrity": "sha1-myzl094C0XxgEq0yaqa00M9U+U8=",
      "dev": true
    },
    "shelljs": {
      "version": "0.7.7",
      "resolved": "http://registry.npm.taobao.org/shelljs/download/shelljs-0.7.7.tgz",
      "integrity": "sha1-svXHfvlxSPS09uImguELuoZnz/E=",
      "dev": true,
      "dependencies": {
        "glob": {
          "version": "7.1.2",
          "resolved": "http://registry.npm.taobao.org/glob/download/glob-7.1.2.tgz",
          "integrity": "sha1-wZyd+aAocC1nhhI4SmVSQExjbRU="
        }
      }
    },
    "toidentifier": {
      "version": "1.0.0",
      "resolved": "https://registry.npmjs.org/toidentifier/-/toidentifier-1.0.0.tgz",
      "integrity": "sha512-yaOH/Pk/VEhBWWTlhI+qXxDFXlejDGcQipMlyxda9nthulaxLZUNcUqFxokp0vcYnvteJln5FNQDRrxj3YcbVw==",
      "dev": true
    },
    "tryer": {
      "version": "1.0.1",
      "resolved": "https://registry.npmjs.org/tryer/-/tryer-1.0.1.tgz",
      "integrity": "sha512-c3zayb8/kWWpycWYg87P71E1S1ZL6b6IJxfb5fvsUgsf0S2MVGaDhDXXjDMpdCpfWXqptc+4mXwmiy1ypXqRAA==",
      "dev": true
    },
    "unpipe": {
      "version": "1.0.0",
      "resolved": "http://registry.npm.taobao.org/unpipe/download/unpipe-1.0.0.tgz",
      "integrity": "sha1-sr9O6FFKrmFltIF4KdIbLvSZBOw=",
      "dev": true
    },
    "url-loader": {
      "version": "0.5.8",
      "resolved": "http://registry.npm.taobao.org/url-loader/download/url-loader-0.5.8.tgz",
      "integrity": "sha1-uRg7GAHg+EdxhnNnMEC8ncHHFcU=",
      "dev": true,
      "dependencies": {
        "loader-utils": {
          "version": "1.1.0",
          "resolved": "http://registry.npm.taobao.org/loader-utils/download/loader-utils-1.1.0.tgz",
          "integrity": "sha1-yYrvSIvM7aL/teLeZG1qdUQp9c0="
        }
      }
    },
    "vue": {
      "version": "2.3.3",
      "resolved": "http://registry.npm.taobao.org/vue/download/vue-2.3.3.tgz",
      "integrity": "sha1-0eqo/eUkBzWkVj508sf+rZy7Bkw="
    },
    "vue-loader": {
      "version": "12.2.1",
      "resolved": "http://registry.npm.taobao.org/vue-loader/download/vue-loader-12.2.1.tgz",
      "integrity": "sha1-U/J8CXPThnaPWnUVb0Epte/GulU=",
      "dev": true,
      "dependencies": {
        "loader-utils": {
          "version": "1.1.0",
          "resolved": "http://registry.npm.taobao.org/loader-utils/download/loader-utils-1.1.0.tgz",
          "integrity": "sha1-yYrvSIvM7aL/teLeZG1qdUQp9c0="
        }
      }
    },
    "vue-style-loader": {
      "version": "3.0.1",
      "resolved": "http://registry.npm.taobao.org/vue-style-loader/download/vue-style-loader-3.0.1.tgz",
      "integrity": "sha1-yLY5uy8kuvnXgnTcF+TyZMHe2gg=",
      "dev": true,
      "dependencies": {
        "loader-utils": {
          "version": "1.1.0",
          "resolved": "http://registry.npm.taobao.org/loader-utils/download/loader-utils-1.1.0.tgz",
          "integrity": "sha1-yYrvSIvM7aL/teLeZG1qdUQp9c0="
        }
      }
    },
    "vue-template-compiler": {
      "version": "2.3.3",
      "resolved": "http://registry.npm.taobao.org/vue-template-compiler/download/vue-template-compiler-2.3.3.tgz",
      "integrity": "sha1-tbq57FcwnJBrgqeMgaAhedvC9HA=",
      "dev": true
    },
    "vuex": {
      "version": "2.3.1",
      "resolved": "http://registry.npm.taobao.org/vuex/download/vuex-2.3.1.tgz",
      "integrity": "sha1-zejpl8H5lXcZvH3qFU+appHZgaY="
    },
    "webpack": {
      "version": "2.6.1",
      "resolved": "http://registry.npm.taobao.org/webpack/download/webpack-2.6.1.tgz",
      "integrity": "sha1-LgRX8KuxrF3zqxBsacZy8jZ4Xwc=",
      "dev": true,
      "dependencies": {
        "source-list-map": {
          "version": "1.1.2",
          "resolved": "http://registry.npm.taobao.org/source-list-map/download/source-list-map-1.1.2.tgz",
          "integrity": "sha1-mIkBnRAkzOVc3AaUmDN+9hhqEaE="
        },
        "uglify-js": {
          "version": "2.8.28",
          "resolved": "http://registry.npm.taobao.org/uglify-js/download/uglify-js-2.8.28.tgz",
          "integrity": "sha1-4zUDLfm7INy5GPFkWJ1a9H84g0o=",
          "dependencies": {
            "yargs": {
              "version": "3.10.0",
              "resolved": "http://registry.npm.taobao.org/yargs/download/yargs-3.10.0.tgz",
              "integrity": "sha1-9+572FfdfB0tOMDnTvvWgdFDH9E="
            }
          }
        },
        "webpack-sources": {
          "version": "0.2.3",
          "resolved": "http://registry.npm.taobao.org/webpack-sources/download/webpack-sources-0.2.3.tgz",
          "integrity": "sha1-F8Yr+vE8cH+dAsR54Nzd6DgGl/s="
        }
      }
    },
    "webpack-bundle-analyzer": {
      "version": "3.3.2",
      "resolved": "https://registry.npmjs.org/webpack-bundle-analyzer/-/webpack-bundle-analyzer-3.3.2.tgz",
      "integrity": "sha512-7qvJLPKB4rRWZGjVp5U1KEjwutbDHSKboAl0IfafnrdXMrgC0tOtZbQD6Rw0u4cmpgRN4O02Fc0t8eAT+FgGzA==",
      "dev": true,
      "requires": {
        "acorn": "^6.0.7",
        "acorn-walk": "^6.1.1",
        "bfj": "^6.1.1",
        "chalk": "^2.4.1",
        "commander": "^2.18.0",
        "ejs": "^2.6.1",
        "express": "^4.16.3",
        "filesize": "^3.6.1",
        "gzip-size": "^5.0.0",
        "lodash": "^4.17.10",
        "mkdirp": "^0.5.1",
        "opener": "^1.5.1",
        "ws": "^6.0.0"
      },
      "dependencies": {
        "accepts": {
          "version": "1.3.7",
          "resolved": "https://registry.npmjs.org/accepts/-/accepts-1.3.7.tgz",
          "integrity": "sha512-Il80Qs2WjYlJIBNzNkK6KYqlVMTbZLXgHx2oT0pU/fjRHyEp+PEfEPY0R3WCwAGVOtauxh1hOxNgIf5bv7dQpA==",
          "dev": true,
          "requires": {
            "mime-types": "~2.1.24",
            "negotiator": "0.6.2"
          }
        },
        "acorn": {
          "version": "6.4.0",
          "resolved": "https://registry.npmjs.org/acorn/-/acorn-6.4.0.tgz",
          "integrity": "sha512-gac8OEcQ2Li1dxIEWGZzsp2BitJxwkwcOm0zHAJLcPJaVvm58FRnk6RkuLRpU1EujipU2ZFODv2P9DLMfnV8mw==",
          "dev": true
        },
        "ansi-styles": {
          "version": "3.2.1",
          "resolved": "https://registry.npmjs.org/ansi-styles/-/ansi-styles-3.2.1.tgz",
          "integrity": "sha512-VT0ZI6kZRdTh8YyJw3SMbYm/u+NqfsAxEpWO0Pf9sq8/e94WxxOpPKx9FR1FlyCtOVDNOQ+8ntlqFxiRc+r5qA==",
          "dev": true,
          "requires": {
            "color-convert": "^1.9.0"
          }
        },
        "chalk": {
          "version": "2.4.2",
          "resolved": "https://registry.npmjs.org/chalk/-/chalk-2.4.2.tgz",
          "integrity": "sha512-Mti+f9lpJNcwF4tWV8/OrTTtF1gZi+f8FqlyAdouralcFWFQWF2+NgCHShjkCb+IFBLq9buZwE1xckQU4peSuQ==",
          "dev": true,
          "requires": {
            "ansi-styles": "^3.2.1",
            "escape-string-regexp": "^1.0.5",
            "supports-color": "^5.3.0"
          }
        },
        "commander": {
          "version": "2.20.3",
          "resolved": "https://registry.npmjs.org/commander/-/commander-2.20.3.tgz",
          "integrity": "sha512-GpVkmM8vF2vQUkj2LvZmD35JxeJOLCwJ9cUkugyk2nuhbv3+mJvpLYYt+0+USMxE+oj+ey/lJEnhZw75x/OMcQ==",
          "dev": true
        },
        "content-disposition": {
          "version": "0.5.3",
          "resolved": "https://registry.npmjs.org/content-disposition/-/content-disposition-0.5.3.tgz",
          "integrity": "sha512-ExO0774ikEObIAEV9kDo50o+79VCUdEB6n6lzKgGwupcVeRlhrj3qGAfwq8G6uBJjkqLrhT0qEYFcWng8z1z0g==",
          "dev": true,
          "requires": {
            "safe-buffer": "5.1.2"
          }
        },
        "content-type": {
          "version": "1.0.4",
          "resolved": "https://registry.npmjs.org/content-type/-/content-type-1.0.4.tgz",
          "integrity": "sha512-hIP3EEPs8tB9AT1L+NUqtwOAps4mk2Zob89MWXMHjHWg9milF/j4osnnQLXBCBFBk/tvIG/tUc9mOUJiPBhPXA==",
          "dev": true
        },
        "cookie": {
          "version": "0.4.0",
          "resolved": "https://registry.npmjs.org/cookie/-/cookie-0.4.0.tgz",
          "integrity": "sha512-+Hp8fLp57wnUSt0tY0tHEXh4voZRDnoIrZPqlo3DPiI4y9lwg/jqx+1Om94/W6ZaPDOUbnjOt/99w66zk+l1Xg==",
          "dev": true
        },
        "debug": {
          "version": "2.6.9",
          "resolved": "https://registry.npmjs.org/debug/-/debug-2.6.9.tgz",
          "integrity": "sha512-bC7ElrdJaJnPbAP+1EotYvqZsb3ecl5wi6Bfi6BJTUcNowp6cvspg0jXznRTKDjm/E7AdgFBVeAPVMNcKGsHMA==",
          "dev": true,
          "requires": {
            "ms": "2.0.0"
          }
        },
        "depd": {
          "version": "1.1.2",
          "resolved": "https://registry.npmjs.org/depd/-/depd-1.1.2.tgz",
          "integrity": "sha1-m81S4UwJd2PnSbJ0xDRu0uVgtak=",
          "dev": true
        },
        "ejs": {
          "version": "2.7.4",
          "resolved": "https://registry.npmjs.org/ejs/-/ejs-2.7.4.tgz",
          "integrity": "sha512-7vmuyh5+kuUyJKePhQfRQBhXV5Ce+RnaeeQArKu1EAMpL3WbgMt5WG6uQZpEVvYSSsxMXRKOewtDk9RaTKXRlA==",
          "dev": true
        },
        "encodeurl": {
          "version": "1.0.2",
          "resolved": "https://registry.npmjs.org/encodeurl/-/encodeurl-1.0.2.tgz",
          "integrity": "sha1-rT/0yG7C0CkyL1oCw6mmBslbP1k=",
          "dev": true
        },
        "etag": {
          "version": "1.8.1",
          "resolved": "https://registry.npmjs.org/etag/-/etag-1.8.1.tgz",
          "integrity": "sha1-Qa4u62XvpiJorr/qg6x9eSmbCIc=",
          "dev": true
        },
        "express": {
          "version": "4.17.1",
          "resolved": "https://registry.npmjs.org/express/-/express-4.17.1.tgz",
          "integrity": "sha512-mHJ9O79RqluphRrcw2X/GTh3k9tVv8YcoyY4Kkh4WDMUYKRZUq0h1o0w2rrrxBqM7VoeUVqgb27xlEMXTnYt4g==",
          "dev": true,
          "requires": {
            "accepts": "~1.3.7",
            "array-flatten": "1.1.1",
            "body-parser": "1.19.0",
            "content-disposition": "0.5.3",
            "content-type": "~1.0.4",
            "cookie": "0.4.0",
            "cookie-signature": "1.0.6",
            "debug": "2.6.9",
            "depd": "~1.1.2",
            "encodeurl": "~1.0.2",
            "escape-html": "~1.0.3",
            "etag": "~1.8.1",
            "finalhandler": "~1.1.2",
            "fresh": "0.5.2",
            "merge-descriptors": "1.0.1",
            "methods": "~1.1.2",
            "on-finished": "~2.3.0",
            "parseurl": "~1.3.3",
            "path-to-regexp": "0.1.7",
            "proxy-addr": "~2.0.5",
            "qs": "6.7.0",
            "range-parser": "~1.2.1",
            "safe-buffer": "5.1.2",
            "send": "0.17.1",
            "serve-static": "1.14.1",
            "setprototypeof": "1.1.1",
            "statuses": "~1.5.0",
            "type-is": "~1.6.18",
            "utils-merge": "1.0.1",
            "vary": "~1.1.2"
          }
        },
        "filesize": {
          "version": "3.6.1",
          "resolved": "https://registry.npmjs.org/filesize/-/filesize-3.6.1.tgz",
          "integrity": "sha512-7KjR1vv6qnicaPMi1iiTcI85CyYwRO/PSFCu6SvqL8jN2Wjt/NIYQTFtFs7fSDCYOstUkEWIQGFUg5YZQfjlcg==",
          "dev": true
        },
        "finalhandler": {
          "version": "1.1.2",
          "resolved": "https://registry.npmjs.org/finalhandler/-/finalhandler-1.1.2.tgz",
          "integrity": "sha512-aAWcW57uxVNrQZqFXjITpW3sIUQmHGG3qSb9mUah9MgMC4NeWhNOlNjXEYq3HjRAvL6arUviZGGJsBg6z0zsWA==",
          "dev": true,
          "requires": {
            "debug": "2.6.9",
            "encodeurl": "~1.0.2",
            "escape-html": "~1.0.3",
            "on-finished": "~2.3.0",
            "parseurl": "~1.3.3",
            "statuses": "~1.5.0",
            "unpipe": "~1.0.0"
          }
        },
        "forwarded": {
          "version": "0.1.2",
          "resolved": "https://registry.npmjs.org/forwarded/-/forwarded-0.1.2.tgz",
          "integrity": "sha1-mMI9qxF1ZXuMBXPozszZGw/xjIQ=",
          "dev": true
        },
        "fresh": {
          "version": "0.5.2",
          "resolved": "https://registry.npmjs.org/fresh/-/fresh-0.5.2.tgz",
          "integrity": "sha1-PYyt2Q2XZWn6g1qx+OSyOhBWBac=",
          "dev": true
        },
        "gzip-size": {
          "version": "5.1.1",
          "resolved": "https://registry.npmjs.org/gzip-size/-/gzip-size-5.1.1.tgz",
          "integrity": "sha512-FNHi6mmoHvs1mxZAds4PpdCS6QG8B4C1krxJsMutgxl5t3+GlRTzzI3NEkifXx2pVsOvJdOGSmIgDhQ55FwdPA==",
          "dev": true,
          "requires": {
            "duplexer": "^0.1.1",
            "pify": "^4.0.1"
          }
        },
        "has-flag": {
          "version": "3.0.0",
          "resolved": "https://registry.npmjs.org/has-flag/-/has-flag-3.0.0.tgz",
          "integrity": "sha1-tdRU3CGZriJWmfNGfloH87lVuv0=",
          "dev": true
        },
        "http-errors": {
          "version": "1.7.3",
          "resolved": "https://registry.npmjs.org/http-errors/-/http-errors-1.7.3.tgz",
          "integrity": "sha512-ZTTX0MWrsQ2ZAhA1cejAwDLycFsd7I7nVtnkT3Ol0aqodaKW+0CTZDQ1uBv5whptCnc8e8HeRRJxRs0kmm/Qfw==",
          "dev": true,
          "requires": {
            "depd": "~1.1.2",
            "inherits": "2.0.4",
            "setprototypeof": "1.1.1",
            "statuses": ">= 1.5.0 < 2",
            "toidentifier": "1.0.0"
          }
        },
        "inherits": {
          "version": "2.0.4",
          "resolved": "https://registry.npmjs.org/inherits/-/inherits-2.0.4.tgz",
          "integrity": "sha512-k/vGaX4/Yla3WzyMCvTQOXYeIHvqOKtnqBduzTHpzpQZzAskKMhZ2K+EnBiSM9zGSoIFeMpXKxa4dYeZIQqewQ==",
          "dev": true
        },
        "ipaddr.js": {
          "version": "1.9.0",
          "resolved": "https://registry.npmjs.org/ipaddr.js/-/ipaddr.js-1.9.0.tgz",
          "integrity": "sha512-M4Sjn6N/+O6/IXSJseKqHoFc+5FdGJ22sXqnjTpdZweHK64MzEPAyQZyEU3R/KRv2GLoa7nNtg/C2Ev6m7z+eA==",
          "dev": true
        },
        "lodash": {
          "version": "4.17.15",
          "resolved": "https://registry.npmjs.org/lodash/-/lodash-4.17.15.tgz",
          "integrity": "sha512-8xOcRHvCjnocdS5cpwXQXVzmmh5e5+saE2QGoeQmbKmRS6J3VQppPOIt0MnmE+4xlZoumy0GPG0D0MVIQbNA1A==",
          "dev": true
        },
        "mime": {
          "version": "1.6.0",
          "resolved": "https://registry.npmjs.org/mime/-/mime-1.6.0.tgz",
          "integrity": "sha512-x0Vn8spI+wuJ1O6S7gnbaQg8Pxh4NNHb7KSINmEWKiPE4RKOplvijn+NkmYmmRgP68mc70j2EbeTFRsrswaQeg==",
          "dev": true
        },
        "mime-db": {
          "version": "1.42.0",
          "resolved": "https://registry.npmjs.org/mime-db/-/mime-db-1.42.0.tgz",
          "integrity": "sha512-UbfJCR4UAVRNgMpfImz05smAXK7+c+ZntjaA26ANtkXLlOe947Aag5zdIcKQULAiF9Cq4WxBi9jUs5zkA84bYQ==",
          "dev": true
        },
        "mime-types": {
          "version": "2.1.25",
          "resolved": "https://registry.npmjs.org/mime-types/-/mime-types-2.1.25.tgz",
          "integrity": "sha512-5KhStqB5xpTAeGqKBAMgwaYMnQik7teQN4IAzC7npDv6kzeU6prfkR67bc87J1kWMPGkoaZSq1npmexMgkmEVg==",
          "dev": true,
          "requires": {
            "mime-db": "1.42.0"
          }
        },
        "negotiator": {
          "version": "0.6.2",
          "resolved": "https://registry.npmjs.org/negotiator/-/negotiator-0.6.2.tgz",
          "integrity": "sha512-hZXc7K2e+PgeI1eDBe/10Ard4ekbfrrqG8Ep+8Jmf4JID2bNg7NvCPOZN+kfF574pFQI7mum2AUqDidoKqcTOw==",
          "dev": true
        },
        "opener": {
          "version": "1.5.1",
          "resolved": "https://registry.npmjs.org/opener/-/opener-1.5.1.tgz",
          "integrity": "sha512-goYSy5c2UXE4Ra1xixabeVh1guIX/ZV/YokJksb6q2lubWu6UbvPQ20p542/sFIll1nl8JnCyK9oBaOcCWXwvA==",
          "dev": true
        },
        "parseurl": {
          "version": "1.3.3",
          "resolved": "https://registry.npmjs.org/parseurl/-/parseurl-1.3.3.tgz",
          "integrity": "sha512-CiyeOxFT/JZyN5m0z9PfXw4SCBJ6Sygz1Dpl0wqjlhDEGGBP1GnsUVEL0p63hoG1fcj3fHynXi9NYO4nWOL+qQ==",
          "dev": true
        },
        "pify": {
          "version": "4.0.1",
          "resolved": "https://registry.npmjs.org/pify/-/pify-4.0.1.tgz",
          "integrity": "sha512-uB80kBFb/tfd68bVleG9T5GGsGPjJrLAUpR5PZIrhBnIaRTQRjqdJSsIKkOP6OAIFbj7GOrcudc5pNjZ+geV2g==",
          "dev": true
        },
        "proxy-addr": {
          "version": "2.0.5",
          "resolved": "https://registry.npmjs.org/proxy-addr/-/proxy-addr-2.0.5.tgz",
          "integrity": "sha512-t/7RxHXPH6cJtP0pRG6smSr9QJidhB+3kXu0KgXnbGYMgzEnUxRQ4/LDdfOwZEMyIh3/xHb8PX3t+lfL9z+YVQ==",
          "dev": true,
          "requires": {
            "forwarded": "~0.1.2",
            "ipaddr.js": "1.9.0"
          }
        },
        "qs": {
          "version": "6.7.0",
          "resolved": "https://registry.npmjs.org/qs/-/qs-6.7.0.tgz",
          "integrity": "sha512-VCdBRNFTX1fyE7Nb6FYoURo/SPe62QCaAyzJvUjwRaIsc+NePBEniHlvxFmmX56+HZphIGtV0XeCirBtpDrTyQ==",
          "dev": true
        },
        "range-parser": {
          "version": "1.2.1",
          "resolved": "https://registry.npmjs.org/range-parser/-/range-parser-1.2.1.tgz",
          "integrity": "sha512-Hrgsx+orqoygnmhFbKaHE6c296J+HTAQXoxEF6gNupROmmGJRoyzfG3ccAveqCBrwr/2yxQ5BVd/GTl5agOwSg==",
          "dev": true
        },
        "safe-buffer": {
          "version": "5.1.2",
          "resolved": "https://registry.npmjs.org/safe-buffer/-/safe-buffer-5.1.2.tgz",
          "integrity": "sha512-Gd2UZBJDkXlY7GbJxfsE8/nvKkUEU1G38c1siN6QP6a9PT9MmHB8GnpscSmMJSoF8LOIrt8ud/wPtojys4G6+g==",
          "dev": true
        },
        "send": {
          "version": "0.17.1",
          "resolved": "https://registry.npmjs.org/send/-/send-0.17.1.tgz",
          "integrity": "sha512-BsVKsiGcQMFwT8UxypobUKyv7irCNRHk1T0G680vk88yf6LBByGcZJOTJCrTP2xVN6yI+XjPJcNuE3V4fT9sAg==",
          "dev": true,
          "requires": {
            "debug": "2.6.9",
            "depd": "~1.1.2",
            "destroy": "~1.0.4",
            "encodeurl": "~1.0.2",
            "escape-html": "~1.0.3",
            "etag": "~1.8.1",
            "fresh": "0.5.2",
            "http-errors": "~1.7.2",
            "mime": "1.6.0",
            "ms": "2.1.1",
            "on-finished": "~2.3.0",
            "range-parser": "~1.2.1",
            "statuses": "~1.5.0"
          },
          "dependencies": {
            "ms": {
              "version": "2.1.1",
              "resolved": "https://registry.npmjs.org/ms/-/ms-2.1.1.tgz",
              "integrity": "sha512-tgp+dl5cGk28utYktBsrFqA7HKgrhgPsg6Z/EfhWI4gl1Hwq8B/GmY/0oXZ6nF8hDVesS/FpnYaD/kOWhYQvyg==",
              "dev": true
            }
          }
        },
        "serve-static": {
          "version": "1.14.1",
          "resolved": "https://registry.npmjs.org/serve-static/-/serve-static-1.14.1.tgz",
          "integrity": "sha512-JMrvUwE54emCYWlTI+hGrGv5I8dEwmco/00EvkzIIsR7MqrHonbD9pO2MOfFnpFntl7ecpZs+3mW+XbQZu9QCg==",
          "dev": true,
          "requires": {
            "encodeurl": "~1.0.2",
            "escape-html": "~1.0.3",
            "parseurl": "~1.3.3",
            "send": "0.17.1"
          }
        },
        "setprototypeof": {
          "version": "1.1.1",
          "resolved": "https://registry.npmjs.org/setprototypeof/-/setprototypeof-1.1.1.tgz",
          "integrity": "sha512-JvdAWfbXeIGaZ9cILp38HntZSFSo3mWg6xGcJJsd+d4aRMOqauag1C63dJfDw7OaMYwEbHMOxEZ1lqVRYP2OAw==",
          "dev": true
        },
        "statuses": {
          "version": "1.5.0",
          "resolved": "https://registry.npmjs.org/statuses/-/statuses-1.5.0.tgz",
          "integrity": "sha1-Fhx9rBd2Wf2YEfQ3cfqZOBR4Yow=",
          "dev": true
        },
        "supports-color": {
          "version": "5.5.0",
          "resolved": "https://registry.npmjs.org/supports-color/-/supports-color-5.5.0.tgz",
          "integrity": "sha512-QjVjwdXIt408MIiAqCX4oUKsgU2EqAGzs2Ppkm4aQYbjm+ZEWEcW4SfFNTr4uMNZma0ey4f5lgLrkB0aX0QMow==",
          "dev": true,
          "requires": {
            "has-flag": "^3.0.0"
          }
        },
        "type-is": {
          "version": "1.6.18",
          "resolved": "https://registry.npmjs.org/type-is/-/type-is-1.6.18.tgz",
          "integrity": "sha512-TkRKr9sUTxEH8MdfuCSP7VizJyzRNMjj2J2do2Jr3Kym598JVdEksuzPQCnlFPW4ky9Q+iA+ma9BGm06XQBy8g==",
          "dev": true,
          "requires": {
            "media-typer": "0.3.0",
            "mime-types": "~2.1.24"
          }
        },
        "utils-merge": {
          "version": "1.0.1",
          "resolved": "https://registry.npmjs.org/utils-merge/-/utils-merge-1.0.1.tgz",
          "integrity": "sha1-n5VxD1CiZ5R7LMwSR0HBAoQn5xM=",
          "dev": true
        },
        "vary": {
          "version": "1.1.2",
          "resolved": "https://registry.npmjs.org/vary/-/vary-1.1.2.tgz",
          "integrity": "sha1-IpnwLG3tMNSllhsLn3RSShj2NPw=",
          "dev": true
        },
        "ws": {
          "version": "6.2.1",
          "resolved": "https://registry.npmjs.org/ws/-/ws-6.2.1.tgz",
          "integrity": "sha512-GIyAXC2cB7LjvpgMt9EKS2ldqr0MTrORaleiOno6TweZ6r3TKtoFQWay/2PceJ3RuBasOHzXNn5Lrw1X0bEjqA==",
          "dev": true,
          "requires": {
            "async-limiter": "~1.0.0"
          }
        }
      }
    },
    "webpack-dev-middleware": {
      "version": "1.10.2",
      "resolved": "http://registry.npm.taobao.org/webpack-dev-middleware/download/webpack-dev-middleware-1.10.2.tgz",
      "integrity": "sha1-LiUs4d+wINvaHMs33ybzCrAU29E=",
      "dev": true
    },
    "webpack-hot-middleware": {
      "version": "2.18.0",
      "resolved": "http://registry.npm.taobao.org/webpack-hot-middleware/download/webpack-hot-middleware-2.18.0.tgz",
      "integrity": "sha1-oWu1Nbg6aslKeKxevOTzBZ6CdNM=",
      "dev": true
    },
    "webpack-merge": {
      "version": "4.1.0",
      "resolved": "http://registry.npm.taobao.org/webpack-merge/download/webpack-merge-4.1.0.tgz",
      "integrity": "sha1-atciI7PguDflMeRZfBmfkJNhUR4=",
      "dev": true
    }
  }
}
