{
  "name": "vue-tetris",
  "version": "1.1.1",
  "lockfileVersion": 1,
  "requires": true,
  "dependencies": {
    "autoprefixer": {
      "version": "6.7.7",
      "resolved": "http://registry.npm.taobao.org/autoprefixer/download/autoprefixer-6.7.7.tgz",
      "integrity": "sha1-Hb0cg1ZY41zj+ZhAmdsAWFx4IBQ=",
      "dev": true
    },
    "babel-core": {
      "version": "6.24.1",
      "resolved": "http://registry.npm.taobao.org/babel-core/download/babel-core-6.24.1.tgz",
      "integrity": "sha1-jEKFZNzh4fQfszfsNPTDsCK1rYM=",
      "dev": true
    },
    "babel-helper-vue-jsx-merge-props": {
      "version": "2.0.2",
      "resolved": "http://registry.npm.taobao.org/babel-helper-vue-jsx-merge-props/download/babel-helper-vue-jsx-merge-props-2.0.2.tgz",
      "integrity": "sha1-rOscNzWIJ54nVeoc/TXCI5T9M/g=",
      "dev": true
    },
    "babel-loader": {
      "version": "6.4.1",
      "resolved": "http://registry.npm.taobao.org/babel-loader/download/babel-loader-6.4.1.tgz",
      "integrity": "sha1-CzQRLVsHSKjc2/Uaz2+b1C1QuMo=",
      "dev": true
    },
    "babel-plugin-syntax-jsx": {
      "version": "6.18.0",
      "resolved": "http://registry.npm.taobao.org/babel-plugin-syntax-jsx/download/babel-plugin-syntax-jsx-6.18.0.tgz",
      "integrity": "sha1-CvMqmm4Tyno/1QaeYtew9Y0NiUY=",
      "dev": true
    },
    "babel-plugin-transform-runtime": {
      "version": "6.23.0",
      "resolved": "http://registry.npm.taobao.org/babel-plugin-transform-runtime/download/babel-plugin-transform-runtime-6.23.0.tgz",
      "integrity": "sha1-iEkNRGUC6puOfvsP4J7E2ZR5se4=",
      "dev": true
    },
    "babel-plugin-transform-vue-jsx": {
      "version": "3.4.3",
      "resolved": "http://registry.npm.taobao.org/babel-plugin-transform-vue-jsx/download/babel-plugin-transform-vue-jsx-3.4.3.tgz",
      "integrity": "sha1-3lfY3X1hkzPJgYZ3KPPm/faJgv8=",
      "dev": true
    },
    "babel-preset-env": {
      "version": "1.5.1",
      "resolved": "http://registry.npm.taobao.org/babel-preset-env/download/babel-preset-env-1.5.1.tgz",
      "integrity": "sha1-0uymrxee3yfNwwWoSCD2AbRW3Qs=",
      "dev": true,
      "dependencies": {
        "browserslist": {
          "version": "2.1.4",
          "resolved": "http://registry.npm.taobao.org/browserslist/download/browserslist-2.1.4.tgz",
          "integrity": "sha1-zFJq9KExK30uBWU+VtDIq3DA4FM="
        }
      }
    },
    "babel-preset-es2015": {
      "version": "6.24.1",
      "resolved": "http://registry.npm.taobao.org/babel-preset-es2015/download/babel-preset-es2015-6.24.1.tgz",
      "integrity": "sha1-1EBQ1rwsn+6nAqrzjXJ6AhBTiTk=",
      "dev": true
    },
    "babel-preset-stage-2": {
      "version": "6.24.1",
      "resolved": "http://registry.npm.taobao.org/babel-preset-stage-2/download/babel-preset-stage-2-6.24.1.tgz",
      "integrity": "sha1-2eKWD7PXEYfw5k7sYrwHdnIZvcE=",
      "dev": true
    },
    "babel-register": {
      "version": "6.24.1",
      "resolved": "http://registry.npm.taobao.org/babel-register/download/babel-register-6.24.1.tgz",
      "integrity": "sha1-fhDhOi9xBlvfrVoXh7pFvKbe118=",
      "dev": true
    },
    "chalk": {
      "version": "1.1.3",
      "resolved": "http://registry.npm.taobao.org/chalk/download/chalk-1.1.3.tgz",
      "integrity": "sha1-qBFcVeSnAv5NFQq9OHKCKn4J/Jg=",
      "dev": true,
      "dependencies": {
        "supports-color": {
          "version": "2.0.0",
          "resolved": "http://registry.npm.taobao.org/supports-color/download/supports-color-2.0.0.tgz",
          "integrity": "sha1-U10EXOa2Nj+kARcIRimZXp3zJMc="
        }
      }
    },
    "connect-history-api-fallback": {
      "version": "1.3.0",
      "resolved": "http://registry.npm.taobao.org/connect-history-api-fallback/download/connect-history-api-fallback-1.3.0.tgz",
      "integrity": "sha1-5R0X+PDvDbkKZP20feMFFVbp8Wk=",
      "dev": true
    },
    "copy-webpack-plugin": {
      "version": "4.0.1",
      "resolved": "http://registry.npm.taobao.org/copy-webpack-plugin/download/copy-webpack-plugin-4.0.1.tgz",
      "integrity": "sha1-lyjjg7lDFgUNDHRjlY8rhcCqggA=",
      "dev": true
    },
    "css-loader": {
      "version": "0.28.4",
      "resolved": "http://registry.npm.taobao.org/css-loader/download/css-loader-0.28.4.tgz",
      "integrity": "sha1-bPNXkZLONV6LONX0Ldeh8uyJjQ8=",
      "dev": true,
      "dependencies": {
        "loader-utils": {
          "version": "1.1.0",
          "resolved": "http://registry.npm.taobao.org/loader-utils/download/loader-utils-1.1.0.tgz",
          "integrity": "sha1-yYrvSIvM7aL/teLeZG1qdUQp9c0="
        }
      }
    },
    "eventsource-polyfill": {
      "version": "0.9.6",
      "resolved": "http://registry.npm.taobao.org/eventsource-polyfill/download/eventsource-polyfill-0.9.6.tgz",
      "integrity": "sha1-EODRh/ERsWfyj9q5GIQ859gY8Tw=",
      "dev": true
    },
    "express": {
      "version": "4.15.3",
      "resolved": "http://registry.npm.taobao.org/express/download/express-4.15.3.tgz",
      "integrity": "sha1-urZdDwOqgMNYQIly/HAPkWlEtmI=",
      "dev": true,
      "dependencies": {
        "debug": {
          "version": "2.6.7",
          "resolved": "http://registry.npm.taobao.org/debug/download/debug-2.6.7.tgz",
          "integrity": "sha1-krrR9tBbu2u6Isyoi80OyJTChh4="
        }
      }
    },
    "extract-text-webpack-plugin": {
      "version": "2.1.0",
      "resolved": "http://registry.npm.taobao.org/extract-text-webpack-plugin/download/extract-text-webpack-plugin-2.1.0.tgz",
      "integrity": "sha1-aTFbiF+Hbb+W04Gfap8cynrr8Vk=",
      "dev": true,
      "dependencies": {
        "loader-utils": {
          "version": "1.1.0",
          "resolved": "http://registry.npm.taobao.org/loader-utils/download/loader-utils-1.1.0.tgz",
          "integrity": "sha1-yYrvSIvM7aL/teLeZG1qdUQp9c0="
        }
      }
    },
    "file-loader": {
      "version": "0.11.2",
      "resolved": "http://registry.npm.taobao.org/file-loader/download/file-loader-0.11.2.tgz",
      "integrity": "sha1-T/HfKK84cZpgmAk7iMgscdF5SjQ=",
      "dev": true,
      "dependencies": {
        "loader-utils": {
          "version": "1.1.0",
          "resolved": "http://registry.npm.taobao.org/loader-utils/download/loader-utils-1.1.0.tgz",
          "integrity": "sha1-yYrvSIvM7aL/teLeZG1qdUQp9c0="
        }
      }
    },
    "friendly-errors-webpack-plugin": {
      "version": "1.6.1",
      "resolved": "http://registry.npm.taobao.org/friendly-errors-webpack-plugin/download/friendly-errors-webpack-plugin-1.6.1.tgz",
      "integrity": "sha1-4yeBxHIvVGoGqbXXp8+ihSA3XXA=",
      "dev": true
    },
    "fs.realpath": {
      "version": "1.0.0",
      "resolved": "http://registry.npm.taobao.org/fs.realpath/download/fs.realpath-1.0.0.tgz",
      "integrity": "sha1-FQStJSMVjKpA20onh8sBQRmU6k8=",
      "dev": true
    },
    "html-webpack-plugin": {
      "version": "2.28.0",
      "resolved": "http://registry.npm.taobao.org/html-webpack-plugin/download/html-webpack-plugin-2.28.0.tgz",
      "integrity": "sha1-LnhjtX5f1I/iYzA+L/yTTDBk0Ak=",
      "dev": true,
      "dependencies": {
        "bluebird": {
          "version": "3.5.0",
          "resolved": "http://registry.npm.taobao.org/bluebird/download/bluebird-3.5.0.tgz",
          "integrity": "sha1-eRQg1/VR7qKJdFOop3ZT+WYG1nw="
        }
      }
    },
    "http-proxy-middleware": {
      "version": "0.17.4",
      "resolved": "http://registry.npm.taobao.org/http-proxy-middleware/download/http-proxy-middleware-0.17.4.tgz",
      "integrity": "sha1-ZC6ISIUdZvCdTxJJEoRtuutBuDM=",
      "dev": true
    },
    "inflight": {
      "version": "1.0.6",
      "resolved": "http://registry.npm.taobao.org/inflight/download/inflight-1.0.6.tgz",
      "integrity": "sha1-Sb1jMdfQLQwJvJEKEHW6gWW1bfk=",
      "dev": true
    },
    "inherits": {
      "version": "2.0.3",
      "resolved": "http://registry.npm.taobao.org/inherits/download/inherits-2.0.3.tgz",
      "integrity": "sha1-Yzwsg+PaQqUC9SRmAiSA9CCCYd4=",
      "dev": true
    },
    "interpret": {
      "version": "1.0.3",
      "resolved": "http://registry.npm.taobao.org/interpret/download/interpret-1.0.3.tgz",
      "integrity": "sha1-y8NcYu7uc/Gat7EKgBURQBr8D5A=",
      "dev": true
    },
    "less": {
      "version": "2.7.2",
      "resolved": "http://registry.npm.taobao.org/less/download/less-2.7.2.tgz",
      "integrity": "sha1-No1sxz4fsDmBGDKAkYdDxdz5s98=",
      "dev": true
    },
    "less-loader": {
      "version": "4.0.4",
      "resolved": "http://registry.npm.taobao.org/less-loader/download/less-loader-4.0.4.tgz",
      "integrity": "sha1-tKjEOEPmXGfS6i6xRltcQjPVAGo=",
      "dev": true,
      "dependencies": {
        "clone": {
          "version": "2.1.1",
          "resolved": "http://registry.npm.taobao.org/clone/download/clone-2.1.1.tgz",
          "integrity": "sha1-0hfR6WERjjrJpLi7oyhVU79kfNs="
        },
        "loader-utils": {
          "version": "1.1.0",
          "resolved": "http://registry.npm.taobao.org/loader-utils/download/loader-utils-1.1.0.tgz",
          "integrity": "sha1-yYrvSIvM7aL/teLeZG1qdUQp9c0="
        }
      }
    },
    "minimatch": {
      "version": "3.0.4",
      "resolved": "http://registry.npm.taobao.org/minimatch/download/minimatch-3.0.4.tgz",
      "integrity": "sha1-UWbihkV/AzBgZL5Ul+jbsMPTIIM=",
      "dev": true
    },
    "once": {
      "version": "1.4.0",
      "resolved": "http://registry.npm.taobao.org/once/download/once-1.4.0.tgz",
      "integrity": "sha1-WDsap3WWHUsROsF9nFC6753Xa9E=",
      "dev": true
    },
    "opn": {
      "version": "4.0.2",
      "resolved": "http://registry.npm.taobao.org/opn/download/opn-4.0.2.tgz",
      "integrity": "sha1-erwi5kTf9jsKltWrfyeQwPAavJU=",
      "dev": true
    },
    "optimize-css-assets-webpack-plugin": {
      "version": "1.3.2",
      "resolved": "http://registry.npm.taobao.org/optimize-css-assets-webpack-plugin/download/optimize-css-assets-webpack-plugin-1.3.2.tgz",
      "integrity": "sha1-6ydFbiHu+9gIDzHoNoxZaE5YWiw=",
      "dev": true
    },
    "ora": {
      "version": "1.2.0",
      "resolved": "http://registry.npm.taobao.org/ora/download/ora-1.2.0.tgz",
      "integrity": "sha1-Mvsxg1AO/oP16okQF4Xw7mBg/sk=",
      "dev": true
    },
    "path-is-absolute": {
      "version": "1.0.1",
      "resolved": "http://registry.npm.taobao.org/path-is-absolute/download/path-is-absolute-1.0.1.tgz",
      "integrity": "sha1-F0uSaHNVNP+8es5r9TpanhtcX18=",
      "dev": true
    },
    "rechoir": {
      "version": "0.6.2",
      "resolved": "http://registry.npm.taobao.org/rechoir/download/rechoir-0.6.2.tgz",
      "integrity": "sha1-hSBLVNuoLVdC4oyWdW70OvUOM4Q=",
      "dev": true
    },
    "rimraf": {
      "version": "2.6.1",
      "resolved": "http://registry.npm.taobao.org/rimraf/download/rimraf-2.6.1.tgz",
      "integrity": "sha1-wjOOxkPfeht/5cVPqG9XQopV8z0=",
      "dev": true,
      "dependencies": {
        "glob": {
          "version": "7.1.2",
          "resolved": "http://registry.npm.taobao.org/glob/download/glob-7.1.2.tgz",
          "integrity": "sha1-wZyd+aAocC1nhhI4SmVSQExjbRU="
        }
      }
    },
    "semver": {
      "version": "5.3.0",
      "resolved": "http://registry.npm.taobao.org/semver/download/semver-5.3.0.tgz",
      "integrity": "sha1-myzl094C0XxgEq0yaqa00M9U+U8=",
      "dev": true
    },
    "shelljs": {
      "version": "0.8.5",
      "resolved": "https://registry.npmjs.org/shelljs/-/shelljs-0.8.5.tgz",
      "integrity": "sha512-TiwcRcrkhHvbrZbnRcFYMLl30Dfov3HKqzp5tO5b4pt6G/SezKcYhmDg15zXVBswHmctSAQKznqNW2LO5tTDow==",
      "dev": true,
      "requires": {
        "glob": "^7.0.0",
        "interpret": "^1.0.0",
        "rechoir": "^0.6.2"
      },
      "dependencies": {
        "glob": {
          "version": "7.2.0",
          "resolved": "https://registry.npmjs.org/glob/-/glob-7.2.0.tgz",
          "integrity": "sha512-lmLf6gtyrPq8tTjSmrO94wBeQbFR3HbLHbuyD69wuyQkImp2hWqMGB47OX65FBkPffO641IP9jWa1z4ivqG26Q==",
          "dev": true,
          "requires": {
            "fs.realpath": "^1.0.0",
            "inflight": "^1.0.4",
            "inherits": "2",
            "minimatch": "^3.0.4",
            "once": "^1.3.0",
            "path-is-absolute": "^1.0.0"
          }
        }
      }
    },
    "url-loader": {
      "version": "0.5.8",
      "resolved": "http://registry.npm.taobao.org/url-loader/download/url-loader-0.5.8.tgz",
      "integrity": "sha1-uRg7GAHg+EdxhnNnMEC8ncHHFcU=",
      "dev": true,
      "dependencies": {
        "loader-utils": {
          "version": "1.1.0",
          "resolved": "http://registry.npm.taobao.org/loader-utils/download/loader-utils-1.1.0.tgz",
          "integrity": "sha1-yYrvSIvM7aL/teLeZG1qdUQp9c0="
        }
      }
    },
    "vue": {
      "version": "2.3.3",
      "resolved": "http://registry.npm.taobao.org/vue/download/vue-2.3.3.tgz",
      "integrity": "sha1-0eqo/eUkBzWkVj508sf+rZy7Bkw="
    },
    "vue-loader": {
      "version": "12.2.1",
      "resolved": "http://registry.npm.taobao.org/vue-loader/download/vue-loader-12.2.1.tgz",
      "integrity": "sha1-U/J8CXPThnaPWnUVb0Epte/GulU=",
      "dev": true,
      "dependencies": {
        "loader-utils": {
          "version": "1.1.0",
          "resolved": "http://registry.npm.taobao.org/loader-utils/download/loader-utils-1.1.0.tgz",
          "integrity": "sha1-yYrvSIvM7aL/teLeZG1qdUQp9c0="
        }
      }
    },
    "vue-style-loader": {
      "version": "3.0.1",
      "resolved": "http://registry.npm.taobao.org/vue-style-loader/download/vue-style-loader-3.0.1.tgz",
      "integrity": "sha1-yLY5uy8kuvnXgnTcF+TyZMHe2gg=",
      "dev": true,
      "dependencies": {
        "loader-utils": {
          "version": "1.1.0",
          "resolved": "http://registry.npm.taobao.org/loader-utils/download/loader-utils-1.1.0.tgz",
          "integrity": "sha1-yYrvSIvM7aL/teLeZG1qdUQp9c0="
        }
      }
    },
    "vue-template-compiler": {
      "version": "2.3.3",
      "resolved": "http://registry.npm.taobao.org/vue-template-compiler/download/vue-template-compiler-2.3.3.tgz",
      "integrity": "sha1-tbq57FcwnJBrgqeMgaAhedvC9HA=",
      "dev": true
    },
    "vuex": {
      "version": "2.3.1",
      "resolved": "http://registry.npm.taobao.org/vuex/download/vuex-2.3.1.tgz",
      "integrity": "sha1-zejpl8H5lXcZvH3qFU+appHZgaY="
    },
    "webpack": {
      "version": "2.6.1",
      "resolved": "http://registry.npm.taobao.org/webpack/download/webpack-2.6.1.tgz",
      "integrity": "sha1-LgRX8KuxrF3zqxBsacZy8jZ4Xwc=",
      "dev": true,
      "dependencies": {
        "source-list-map": {
          "version": "1.1.2",
          "resolved": "http://registry.npm.taobao.org/source-list-map/download/source-list-map-1.1.2.tgz",
          "integrity": "sha1-mIkBnRAkzOVc3AaUmDN+9hhqEaE="
        },
        "uglify-js": {
          "version": "2.8.28",
          "resolved": "http://registry.npm.taobao.org/uglify-js/download/uglify-js-2.8.28.tgz",
          "integrity": "sha1-4zUDLfm7INy5GPFkWJ1a9H84g0o=",
          "dependencies": {
            "yargs": {
              "version": "3.10.0",
              "resolved": "http://registry.npm.taobao.org/yargs/download/yargs-3.10.0.tgz",
              "integrity": "sha1-9+572FfdfB0tOMDnTvvWgdFDH9E="
            }
          }
        },
        "webpack-sources": {
          "version": "0.2.3",
          "resolved": "http://registry.npm.taobao.org/webpack-sources/download/webpack-sources-0.2.3.tgz",
          "integrity": "sha1-F8Yr+vE8cH+dAsR54Nzd6DgGl/s="
        }
      }
    },
    "webpack-bundle-analyzer": {
      "version": "2.8.2",
      "resolved": "http://registry.npm.taobao.org/webpack-bundle-analyzer/download/webpack-bundle-analyzer-2.8.2.tgz",
      "integrity": "sha1-i2JAwpqdY7xy8J2SD7BQrbzOn+g=",
      "dev": true
    },
    "webpack-dev-middleware": {
      "version": "1.10.2",
      "resolved": "http://registry.npm.taobao.org/webpack-dev-middleware/download/webpack-dev-middleware-1.10.2.tgz",
      "integrity": "sha1-LiUs4d+wINvaHMs33ybzCrAU29E=",
      "dev": true
    },
    "webpack-hot-middleware": {
      "version": "2.18.0",
      "resolved": "http://registry.npm.taobao.org/webpack-hot-middleware/download/webpack-hot-middleware-2.18.0.tgz",
      "integrity": "sha1-oWu1Nbg6aslKeKxevOTzBZ6CdNM=",
      "dev": true
    },
    "webpack-merge": {
      "version": "4.1.0",
      "resolved": "http://registry.npm.taobao.org/webpack-merge/download/webpack-merge-4.1.0.tgz",
      "integrity": "sha1-atciI7PguDflMeRZfBmfkJNhUR4=",
      "dev": true
    }
  }
}
